
Microsoft Visual Studio Solution File, Format Version 12.00
# Visual Studio Version 16
VisualStudioVersion = 16.0.29613.14
MinimumVisualStudioVersion = 10.0.40219.1
Project("{888888A0-9F3D-457C-B088-3A5042F75D52}") = "ClientServerChat", "ClientServerChat\ClientServerChat.pyproj", "{7528B6C2-C94E-42CC-B512-45ECD6DACB34}"
EndProject
Global
	GlobalSection(SolutionConfigurationPlatforms) = preSolution
		Debug|Any CPU = Debug|Any CPU
		Release|Any CPU = Release|Any CPU
	EndGlobalSection
	GlobalSection(ProjectConfigurationPlatforms) = postSolution
		{7528B6C2-C94E-42CC-B512-45ECD6DACB34}.Debug|Any CPU.ActiveCfg = Debug|Any CPU
		{7528B6C2-C94E-42CC-B512-45ECD6DACB34}.Release|Any CPU.ActiveCfg = Release|Any CPU
	EndGlobalSection
	GlobalSection(SolutionProperties) = preSolution
		HideSolutionNode = FALSE
	EndGlobalSection
	GlobalSection(ExtensibilityGlobals) = postSolution
		SolutionGuid = {C207657D-38C8-4BE3-BDD9-AD6F90BEAA43}
	EndGlobalSection
EndGlobal
